// !$*UTF8*$!
{
	archiveVersion = 1;
	classes = {
	};
	objectVersion = 51;
	objects = {

/* Begin PBXBuildFile section */
		12A3C29AAB08ADBC382177F8 /* Pods_Brastlewark_BrastlewarkUITests.framework in Frameworks */ = {isa = PBXBuildFile; fileRef = 3E486B6D4AA8E7912D39728B /* Pods_Brastlewark_BrastlewarkUITests.framework */; };
		5D16B7804142369FB73F03F1 /* Pods_Brastlewark.framework in Frameworks */ = {isa = PBXBuildFile; fileRef = 3E3B48E412B3782391E9723F /* Pods_Brastlewark.framework */; };
		C5121B3C26A5179800903A0C /* GnomeEntity.swift in Sources */ = {isa = PBXBuildFile; fileRef = C5121B3B26A5179800903A0C /* GnomeEntity.swift */; };
		C549917026A5DEDC001B5D00 /* ColorHelper.swift in Sources */ = {isa = PBXBuildFile; fileRef = C549916F26A5DEDC001B5D00 /* ColorHelper.swift */; };
		C549917A26A5E1B5001B5D00 /* Montserrat-Light.ttf in Resources */ = {isa = PBXBuildFile; fileRef = C549917526A5E1B5001B5D00 /* Montserrat-Light.ttf */; };
		C549917B26A5E1B5001B5D00 /* Montserrat-Regular.ttf in Resources */ = {isa = PBXBuildFile; fileRef = C549917626A5E1B5001B5D00 /* Montserrat-Regular.ttf */; };
		C549917D26A5E1B5001B5D00 /* Montserrat-Medium.ttf in Resources */ = {isa = PBXBuildFile; fileRef = C549917826A5E1B5001B5D00 /* Montserrat-Medium.ttf */; };
		C549918926A5E450001B5D00 /* Montserrat-SemiBold.ttf in Resources */ = {isa = PBXBuildFile; fileRef = C549918826A5E450001B5D00 /* Montserrat-SemiBold.ttf */; };
		C54C752126A68573009A91DA /* ListErrorCell.swift in Sources */ = {isa = PBXBuildFile; fileRef = C54C752026A68573009A91DA /* ListErrorCell.swift */; };
		C54C753726A68B3E009A91DA /* empty_animation.json in Resources */ = {isa = PBXBuildFile; fileRef = C54C753626A68B3E009A91DA /* empty_animation.json */; };
		C5567FE626A868080099100A /* DetailHeaderCell.swift in Sources */ = {isa = PBXBuildFile; fileRef = C5567FE526A868080099100A /* DetailHeaderCell.swift */; };
		C5567FEB26A86C650099100A /* UITableViewExtension.swift in Sources */ = {isa = PBXBuildFile; fileRef = C5567FEA26A86C650099100A /* UITableViewExtension.swift */; };
		C5567FF626A88E9A0099100A /* CarouselTableCell.swift in Sources */ = {isa = PBXBuildFile; fileRef = C5567FF526A88E9A0099100A /* CarouselTableCell.swift */; };
		C5567FFB26A88EA70099100A /* CarouselCollectionCell.swift in Sources */ = {isa = PBXBuildFile; fileRef = C5567FFA26A88EA70099100A /* CarouselCollectionCell.swift */; };
		C556800826A8ACAB0099100A /* ArrayEmptyCell.swift in Sources */ = {isa = PBXBuildFile; fileRef = C556800726A8ACAB0099100A /* ArrayEmptyCell.swift */; };
		C565575726A5124600ECF9F6 /* AppDelegate.swift in Sources */ = {isa = PBXBuildFile; fileRef = C565575626A5124600ECF9F6 /* AppDelegate.swift */; };
		C565575926A5124600ECF9F6 /* SceneDelegate.swift in Sources */ = {isa = PBXBuildFile; fileRef = C565575826A5124600ECF9F6 /* SceneDelegate.swift */; };
		C565575E26A5124600ECF9F6 /* Main.storyboard in Resources */ = {isa = PBXBuildFile; fileRef = C565575C26A5124600ECF9F6 /* Main.storyboard */; };
		C565576026A5124700ECF9F6 /* Assets.xcassets in Resources */ = {isa = PBXBuildFile; fileRef = C565575F26A5124700ECF9F6 /* Assets.xcassets */; };
		C565576326A5124700ECF9F6 /* LaunchScreen.storyboard in Resources */ = {isa = PBXBuildFile; fileRef = C565576126A5124700ECF9F6 /* LaunchScreen.storyboard */; };
		C565576E26A5124700ECF9F6 /* BrastlewarkTests.swift in Sources */ = {isa = PBXBuildFile; fileRef = C565576D26A5124700ECF9F6 /* BrastlewarkTests.swift */; };
		C565577926A5124700ECF9F6 /* BrastlewarkUITests.swift in Sources */ = {isa = PBXBuildFile; fileRef = C565577826A5124700ECF9F6 /* BrastlewarkUITests.swift */; };
		C56771BC26A74FD200CD855D /* UIButtonExtension.swift in Sources */ = {isa = PBXBuildFile; fileRef = C56771BB26A74FD200CD855D /* UIButtonExtension.swift */; };
		C56771C126A7555C00CD855D /* Montserrat-Bold.ttf in Resources */ = {isa = PBXBuildFile; fileRef = C56771C026A7555C00CD855D /* Montserrat-Bold.ttf */; };
		C57ED4FF26AA3BC8001A55AD /* Launch.png in Resources */ = {isa = PBXBuildFile; fileRef = C57ED4FC26AA3BC8001A55AD /* Launch.png */; };
		C57ED50026AA3BC8001A55AD /* List.png in Resources */ = {isa = PBXBuildFile; fileRef = C57ED4FD26AA3BC8001A55AD /* List.png */; };
		C57ED50126AA3BC8001A55AD /* Detail.png in Resources */ = {isa = PBXBuildFile; fileRef = C57ED4FE26AA3BC8001A55AD /* Detail.png */; };
		C588CBE526A51F7A00CFA1EE /* BaseProtocol.swift in Sources */ = {isa = PBXBuildFile; fileRef = C588CBE426A51F7A00CFA1EE /* BaseProtocol.swift */; };
		C588CBEF26A51FCC00CFA1EE /* ListInteractor.swift in Sources */ = {isa = PBXBuildFile; fileRef = C588CBEE26A51FCC00CFA1EE /* ListInteractor.swift */; };
		C588CBF426A51FD900CFA1EE /* ListViewController.swift in Sources */ = {isa = PBXBuildFile; fileRef = C588CBF326A51FD900CFA1EE /* ListViewController.swift */; };
		C588CBF926A51FEB00CFA1EE /* ListRouter.swift in Sources */ = {isa = PBXBuildFile; fileRef = C588CBF826A51FEB00CFA1EE /* ListRouter.swift */; };
		C588CBFE26A51FF900CFA1EE /* ListPresenter.swift in Sources */ = {isa = PBXBuildFile; fileRef = C588CBFD26A51FF900CFA1EE /* ListPresenter.swift */; };
		C588CC0326A5206800CFA1EE /* ListModule.swift in Sources */ = {isa = PBXBuildFile; fileRef = C588CC0226A5206800CFA1EE /* ListModule.swift */; };
		C588CC0826A5208400CFA1EE /* GnomeCardCell.swift in Sources */ = {isa = PBXBuildFile; fileRef = C588CC0726A5208400CFA1EE /* GnomeCardCell.swift */; };
		C588CC1926A53D5300CFA1EE /* DetailModule.swift in Sources */ = {isa = PBXBuildFile; fileRef = C588CC1826A53D5300CFA1EE /* DetailModule.swift */; };
		C588CC2126A53D5F00CFA1EE /* DetailViewController.swift in Sources */ = {isa = PBXBuildFile; fileRef = C588CC2026A53D5F00CFA1EE /* DetailViewController.swift */; };
		C588CC2626A53D6900CFA1EE /* DetailPresenter.swift in Sources */ = {isa = PBXBuildFile; fileRef = C588CC2526A53D6900CFA1EE /* DetailPresenter.swift */; };
		C5C4995F26F0E3580010A646 /* Netwok.swift in Sources */ = {isa = PBXBuildFile; fileRef = C5C4995E26F0E3580010A646 /* Netwok.swift */; };
		C5F5FC3326A5EAB70053A2CE /* AmaticSC-Bold.ttf in Resources */ = {isa = PBXBuildFile; fileRef = C5F5FC3126A5EAB70053A2CE /* AmaticSC-Bold.ttf */; };
		C5F5FC3426A5EAB70053A2CE /* AmaticSC-Regular.ttf in Resources */ = {isa = PBXBuildFile; fileRef = C5F5FC3226A5EAB70053A2CE /* AmaticSC-Regular.ttf */; };
		C5F5FC3926A5F20B0053A2CE /* UIImageViewExtension.swift in Sources */ = {isa = PBXBuildFile; fileRef = C5F5FC3826A5F20B0053A2CE /* UIImageViewExtension.swift */; };
		C5FD972226EBC87500406AD6 /* ListViewControllerTests.swift in Sources */ = {isa = PBXBuildFile; fileRef = C5FD972126EBC87500406AD6 /* ListViewControllerTests.swift */; };
		D7F77FA26944FC96B3AF939F /* Pods_BrastlewarkTests.framework in Frameworks */ = {isa = PBXBuildFile; fileRef = 72105DBFB90A49BB6A19DAD9 /* Pods_BrastlewarkTests.framework */; };
/* End PBXBuildFile section */

/* Begin PBXContainerItemProxy section */
		C565576A26A5124700ECF9F6 /* PBXContainerItemProxy */ = {
			isa = PBXContainerItemProxy;
			containerPortal = C565574B26A5124600ECF9F6 /* Project object */;
			proxyType = 1;
			remoteGlobalIDString = C565575226A5124600ECF9F6;
			remoteInfo = Brastlewark;
		};
		C565577526A5124700ECF9F6 /* PBXContainerItemProxy */ = {
			isa = PBXContainerItemProxy;
			containerPortal = C565574B26A5124600ECF9F6 /* Project object */;
			proxyType = 1;
			remoteGlobalIDString = C565575226A5124600ECF9F6;
			remoteInfo = Brastlewark;
		};
/* End PBXContainerItemProxy section */

/* Begin PBXFileReference section */
		0FD8F9C618A1CFD571F3E261 /* Pods-Brastlewark.release.xcconfig */ = {isa = PBXFileReference; includeInIndex = 1; lastKnownFileType = text.xcconfig; name = "Pods-Brastlewark.release.xcconfig"; path = "Target Support Files/Pods-Brastlewark/Pods-Brastlewark.release.xcconfig"; sourceTree = "<group>"; };
		1D05304807E0E6014E75B57E /* Pods-Brastlewark-BrastlewarkUITests.release.xcconfig */ = {isa = PBXFileReference; includeInIndex = 1; lastKnownFileType = text.xcconfig; name = "Pods-Brastlewark-BrastlewarkUITests.release.xcconfig"; path = "Target Support Files/Pods-Brastlewark-BrastlewarkUITests/Pods-Brastlewark-BrastlewarkUITests.release.xcconfig"; sourceTree = "<group>"; };
		1D9F9ACC4473B31B3E914E22 /* Pods-Brastlewark-BrastlewarkUITests.debug.xcconfig */ = {isa = PBXFileReference; includeInIndex = 1; lastKnownFileType = text.xcconfig; name = "Pods-Brastlewark-BrastlewarkUITests.debug.xcconfig"; path = "Target Support Files/Pods-Brastlewark-BrastlewarkUITests/Pods-Brastlewark-BrastlewarkUITests.debug.xcconfig"; sourceTree = "<group>"; };
		3BC955E1ECB9A3DABDE61917 /* Pods-BrastlewarkTests.debug.xcconfig */ = {isa = PBXFileReference; includeInIndex = 1; lastKnownFileType = text.xcconfig; name = "Pods-BrastlewarkTests.debug.xcconfig"; path = "Target Support Files/Pods-BrastlewarkTests/Pods-BrastlewarkTests.debug.xcconfig"; sourceTree = "<group>"; };
		3E3B48E412B3782391E9723F /* Pods_Brastlewark.framework */ = {isa = PBXFileReference; explicitFileType = wrapper.framework; includeInIndex = 0; path = Pods_Brastlewark.framework; sourceTree = BUILT_PRODUCTS_DIR; };
		3E486B6D4AA8E7912D39728B /* Pods_Brastlewark_BrastlewarkUITests.framework */ = {isa = PBXFileReference; explicitFileType = wrapper.framework; includeInIndex = 0; path = Pods_Brastlewark_BrastlewarkUITests.framework; sourceTree = BUILT_PRODUCTS_DIR; };
		72105DBFB90A49BB6A19DAD9 /* Pods_BrastlewarkTests.framework */ = {isa = PBXFileReference; explicitFileType = wrapper.framework; includeInIndex = 0; path = Pods_BrastlewarkTests.framework; sourceTree = BUILT_PRODUCTS_DIR; };
		8B897FEEA5FE42D671E1D797 /* Pods-Brastlewark.debug.xcconfig */ = {isa = PBXFileReference; includeInIndex = 1; lastKnownFileType = text.xcconfig; name = "Pods-Brastlewark.debug.xcconfig"; path = "Target Support Files/Pods-Brastlewark/Pods-Brastlewark.debug.xcconfig"; sourceTree = "<group>"; };
		C5121B3B26A5179800903A0C /* GnomeEntity.swift */ = {isa = PBXFileReference; lastKnownFileType = sourcecode.swift; path = GnomeEntity.swift; sourceTree = "<group>"; };
		C549916F26A5DEDC001B5D00 /* ColorHelper.swift */ = {isa = PBXFileReference; lastKnownFileType = sourcecode.swift; path = ColorHelper.swift; sourceTree = "<group>"; };
		C549917526A5E1B5001B5D00 /* Montserrat-Light.ttf */ = {isa = PBXFileReference; lastKnownFileType = file; path = "Montserrat-Light.ttf"; sourceTree = "<group>"; };
		C549917626A5E1B5001B5D00 /* Montserrat-Regular.ttf */ = {isa = PBXFileReference; lastKnownFileType = file; path = "Montserrat-Regular.ttf"; sourceTree = "<group>"; };
		C549917826A5E1B5001B5D00 /* Montserrat-Medium.ttf */ = {isa = PBXFileReference; lastKnownFileType = file; path = "Montserrat-Medium.ttf"; sourceTree = "<group>"; };
		C549918826A5E450001B5D00 /* Montserrat-SemiBold.ttf */ = {isa = PBXFileReference; lastKnownFileType = file; path = "Montserrat-SemiBold.ttf"; sourceTree = "<group>"; };
		C54C752026A68573009A91DA /* ListErrorCell.swift */ = {isa = PBXFileReference; lastKnownFileType = sourcecode.swift; path = ListErrorCell.swift; sourceTree = "<group>"; };
		C54C753626A68B3E009A91DA /* empty_animation.json */ = {isa = PBXFileReference; fileEncoding = 4; lastKnownFileType = text.json; path = empty_animation.json; sourceTree = "<group>"; };
		C5567FE526A868080099100A /* DetailHeaderCell.swift */ = {isa = PBXFileReference; lastKnownFileType = sourcecode.swift; path = DetailHeaderCell.swift; sourceTree = "<group>"; };
		C5567FEA26A86C650099100A /* UITableViewExtension.swift */ = {isa = PBXFileReference; lastKnownFileType = sourcecode.swift; path = UITableViewExtension.swift; sourceTree = "<group>"; };
		C5567FF526A88E9A0099100A /* CarouselTableCell.swift */ = {isa = PBXFileReference; lastKnownFileType = sourcecode.swift; path = CarouselTableCell.swift; sourceTree = "<group>"; };
		C5567FFA26A88EA70099100A /* CarouselCollectionCell.swift */ = {isa = PBXFileReference; lastKnownFileType = sourcecode.swift; path = CarouselCollectionCell.swift; sourceTree = "<group>"; };
		C556800726A8ACAB0099100A /* ArrayEmptyCell.swift */ = {isa = PBXFileReference; lastKnownFileType = sourcecode.swift; path = ArrayEmptyCell.swift; sourceTree = "<group>"; };
		C565575326A5124600ECF9F6 /* Brastlewark.app */ = {isa = PBXFileReference; explicitFileType = wrapper.application; includeInIndex = 0; path = Brastlewark.app; sourceTree = BUILT_PRODUCTS_DIR; };
		C565575626A5124600ECF9F6 /* AppDelegate.swift */ = {isa = PBXFileReference; lastKnownFileType = sourcecode.swift; path = AppDelegate.swift; sourceTree = "<group>"; };
		C565575826A5124600ECF9F6 /* SceneDelegate.swift */ = {isa = PBXFileReference; lastKnownFileType = sourcecode.swift; path = SceneDelegate.swift; sourceTree = "<group>"; };
		C565575D26A5124600ECF9F6 /* Base */ = {isa = PBXFileReference; lastKnownFileType = file.storyboard; name = Base; path = Base.lproj/Main.storyboard; sourceTree = "<group>"; };
		C565575F26A5124700ECF9F6 /* Assets.xcassets */ = {isa = PBXFileReference; lastKnownFileType = folder.assetcatalog; path = Assets.xcassets; sourceTree = "<group>"; };
		C565576226A5124700ECF9F6 /* Base */ = {isa = PBXFileReference; lastKnownFileType = file.storyboard; name = Base; path = Base.lproj/LaunchScreen.storyboard; sourceTree = "<group>"; };
		C565576426A5124700ECF9F6 /* Info.plist */ = {isa = PBXFileReference; lastKnownFileType = text.plist.xml; path = Info.plist; sourceTree = "<group>"; };
		C565576926A5124700ECF9F6 /* BrastlewarkTests.xctest */ = {isa = PBXFileReference; explicitFileType = wrapper.cfbundle; includeInIndex = 0; path = BrastlewarkTests.xctest; sourceTree = BUILT_PRODUCTS_DIR; };
		C565576D26A5124700ECF9F6 /* BrastlewarkTests.swift */ = {isa = PBXFileReference; lastKnownFileType = sourcecode.swift; path = BrastlewarkTests.swift; sourceTree = "<group>"; };
		C565576F26A5124700ECF9F6 /* Info.plist */ = {isa = PBXFileReference; lastKnownFileType = text.plist.xml; path = Info.plist; sourceTree = "<group>"; };
		C565577426A5124700ECF9F6 /* BrastlewarkUITests.xctest */ = {isa = PBXFileReference; explicitFileType = wrapper.cfbundle; includeInIndex = 0; path = BrastlewarkUITests.xctest; sourceTree = BUILT_PRODUCTS_DIR; };
		C565577826A5124700ECF9F6 /* BrastlewarkUITests.swift */ = {isa = PBXFileReference; lastKnownFileType = sourcecode.swift; path = BrastlewarkUITests.swift; sourceTree = "<group>"; };
		C565577A26A5124700ECF9F6 /* Info.plist */ = {isa = PBXFileReference; lastKnownFileType = text.plist.xml; path = Info.plist; sourceTree = "<group>"; };
		C56771BB26A74FD200CD855D /* UIButtonExtension.swift */ = {isa = PBXFileReference; lastKnownFileType = sourcecode.swift; path = UIButtonExtension.swift; sourceTree = "<group>"; };
		C56771C026A7555C00CD855D /* Montserrat-Bold.ttf */ = {isa = PBXFileReference; lastKnownFileType = file; path = "Montserrat-Bold.ttf"; sourceTree = "<group>"; };
		C57ED4FC26AA3BC8001A55AD /* Launch.png */ = {isa = PBXFileReference; lastKnownFileType = image.png; path = Launch.png; sourceTree = "<group>"; };
		C57ED4FD26AA3BC8001A55AD /* List.png */ = {isa = PBXFileReference; lastKnownFileType = image.png; path = List.png; sourceTree = "<group>"; };
		C57ED4FE26AA3BC8001A55AD /* Detail.png */ = {isa = PBXFileReference; lastKnownFileType = image.png; path = Detail.png; sourceTree = "<group>"; };
		C588CBE426A51F7A00CFA1EE /* BaseProtocol.swift */ = {isa = PBXFileReference; lastKnownFileType = sourcecode.swift; path = BaseProtocol.swift; sourceTree = "<group>"; };
		C588CBEE26A51FCC00CFA1EE /* ListInteractor.swift */ = {isa = PBXFileReference; lastKnownFileType = sourcecode.swift; path = ListInteractor.swift; sourceTree = "<group>"; };
		C588CBF326A51FD900CFA1EE /* ListViewController.swift */ = {isa = PBXFileReference; lastKnownFileType = sourcecode.swift; path = ListViewController.swift; sourceTree = "<group>"; };
		C588CBF826A51FEB00CFA1EE /* ListRouter.swift */ = {isa = PBXFileReference; lastKnownFileType = sourcecode.swift; path = ListRouter.swift; sourceTree = "<group>"; };
		C588CBFD26A51FF900CFA1EE /* ListPresenter.swift */ = {isa = PBXFileReference; lastKnownFileType = sourcecode.swift; path = ListPresenter.swift; sourceTree = "<group>"; };
		C588CC0226A5206800CFA1EE /* ListModule.swift */ = {isa = PBXFileReference; lastKnownFileType = sourcecode.swift; path = ListModule.swift; sourceTree = "<group>"; };
		C588CC0726A5208400CFA1EE /* GnomeCardCell.swift */ = {isa = PBXFileReference; lastKnownFileType = sourcecode.swift; path = GnomeCardCell.swift; sourceTree = "<group>"; };
		C588CC1826A53D5300CFA1EE /* DetailModule.swift */ = {isa = PBXFileReference; lastKnownFileType = sourcecode.swift; path = DetailModule.swift; sourceTree = "<group>"; };
		C588CC2026A53D5F00CFA1EE /* DetailViewController.swift */ = {isa = PBXFileReference; lastKnownFileType = sourcecode.swift; path = DetailViewController.swift; sourceTree = "<group>"; };
		C588CC2526A53D6900CFA1EE /* DetailPresenter.swift */ = {isa = PBXFileReference; lastKnownFileType = sourcecode.swift; path = DetailPresenter.swift; sourceTree = "<group>"; };
		C5C4995E26F0E3580010A646 /* Netwok.swift */ = {isa = PBXFileReference; lastKnownFileType = sourcecode.swift; path = Netwok.swift; sourceTree = "<group>"; };
		C5F5FC3126A5EAB70053A2CE /* AmaticSC-Bold.ttf */ = {isa = PBXFileReference; lastKnownFileType = file; path = "AmaticSC-Bold.ttf"; sourceTree = "<group>"; };
		C5F5FC3226A5EAB70053A2CE /* AmaticSC-Regular.ttf */ = {isa = PBXFileReference; lastKnownFileType = file; path = "AmaticSC-Regular.ttf"; sourceTree = "<group>"; };
		C5F5FC3826A5F20B0053A2CE /* UIImageViewExtension.swift */ = {isa = PBXFileReference; lastKnownFileType = sourcecode.swift; path = UIImageViewExtension.swift; sourceTree = "<group>"; };
		C5FD972126EBC87500406AD6 /* ListViewControllerTests.swift */ = {isa = PBXFileReference; lastKnownFileType = sourcecode.swift; path = ListViewControllerTests.swift; sourceTree = "<group>"; };
		D2C51268B3EEE1482BAC40BC /* Pods-BrastlewarkTests.release.xcconfig */ = {isa = PBXFileReference; includeInIndex = 1; lastKnownFileType = text.xcconfig; name = "Pods-BrastlewarkTests.release.xcconfig"; path = "Target Support Files/Pods-BrastlewarkTests/Pods-BrastlewarkTests.release.xcconfig"; sourceTree = "<group>"; };
/* End PBXFileReference section */

/* Begin PBXFrameworksBuildPhase section */
		C565575026A5124600ECF9F6 /* Frameworks */ = {
			isa = PBXFrameworksBuildPhase;
			buildActionMask = 2147483647;
			files = (
				5D16B7804142369FB73F03F1 /* Pods_Brastlewark.framework in Frameworks */,
			);
			runOnlyForDeploymentPostprocessing = 0;
		};
		C565576626A5124700ECF9F6 /* Frameworks */ = {
			isa = PBXFrameworksBuildPhase;
			buildActionMask = 2147483647;
			files = (
				D7F77FA26944FC96B3AF939F /* Pods_BrastlewarkTests.framework in Frameworks */,
			);
			runOnlyForDeploymentPostprocessing = 0;
		};
		C565577126A5124700ECF9F6 /* Frameworks */ = {
			isa = PBXFrameworksBuildPhase;
			buildActionMask = 2147483647;
			files = (
				12A3C29AAB08ADBC382177F8 /* Pods_Brastlewark_BrastlewarkUITests.framework in Frameworks */,
			);
			runOnlyForDeploymentPostprocessing = 0;
		};
/* End PBXFrameworksBuildPhase section */

/* Begin PBXGroup section */
		4B15AC22FC3F6CBF3F091FC7 /* Pods */ = {
			isa = PBXGroup;
			children = (
				8B897FEEA5FE42D671E1D797 /* Pods-Brastlewark.debug.xcconfig */,
				0FD8F9C618A1CFD571F3E261 /* Pods-Brastlewark.release.xcconfig */,
				1D9F9ACC4473B31B3E914E22 /* Pods-Brastlewark-BrastlewarkUITests.debug.xcconfig */,
				1D05304807E0E6014E75B57E /* Pods-Brastlewark-BrastlewarkUITests.release.xcconfig */,
				3BC955E1ECB9A3DABDE61917 /* Pods-BrastlewarkTests.debug.xcconfig */,
				D2C51268B3EEE1482BAC40BC /* Pods-BrastlewarkTests.release.xcconfig */,
			);
			path = Pods;
			sourceTree = "<group>";
		};
		C5121B2D26A515B500903A0C /* Storyboards */ = {
			isa = PBXGroup;
			children = (
				C565575C26A5124600ECF9F6 /* Main.storyboard */,
				C565576126A5124700ECF9F6 /* LaunchScreen.storyboard */,
			);
			path = Storyboards;
			sourceTree = "<group>";
		};
		C5121B2E26A515C400903A0C /* Modules */ = {
			isa = PBXGroup;
			children = (
				C588CBE426A51F7A00CFA1EE /* BaseProtocol.swift */,
				C588CC1726A53D0A00CFA1EE /* DetailModule */,
				C588CBE926A51F8900CFA1EE /* ListModule */,
			);
			path = Modules;
			sourceTree = "<group>";
		};
		C5121B2F26A515D600903A0C /* DataLayer */ = {
			isa = PBXGroup;
			children = (
				C5C4996326F0E3600010A646 /* Network */,
				C5121B3A26A5177900903A0C /* Entities */,
			);
			path = DataLayer;
			sourceTree = "<group>";
		};
		C5121B3026A515E500903A0C /* SupportFiles */ = {
			isa = PBXGroup;
			children = (
				C57ED4E626AA38B8001A55AD /* Screenshots */,
				C54C752526A68694009A91DA /* Lottie Files */,
				C549919126A5E5C7001B5D00 /* Delegates */,
				C549918D26A5E5AE001B5D00 /* Helpers and Extensions */,
				C549917426A5E199001B5D00 /* Fonts */,
				C565575F26A5124700ECF9F6 /* Assets.xcassets */,
				C565576426A5124700ECF9F6 /* Info.plist */,
			);
			path = SupportFiles;
			sourceTree = "<group>";
		};
		C5121B3A26A5177900903A0C /* Entities */ = {
			isa = PBXGroup;
			children = (
				C5121B3B26A5179800903A0C /* GnomeEntity.swift */,
			);
			path = Entities;
			sourceTree = "<group>";
		};
		C549917426A5E199001B5D00 /* Fonts */ = {
			isa = PBXGroup;
			children = (
				C56771C026A7555C00CD855D /* Montserrat-Bold.ttf */,
				C5F5FC3126A5EAB70053A2CE /* AmaticSC-Bold.ttf */,
				C5F5FC3226A5EAB70053A2CE /* AmaticSC-Regular.ttf */,
				C549918826A5E450001B5D00 /* Montserrat-SemiBold.ttf */,
				C549917526A5E1B5001B5D00 /* Montserrat-Light.ttf */,
				C549917826A5E1B5001B5D00 /* Montserrat-Medium.ttf */,
				C549917626A5E1B5001B5D00 /* Montserrat-Regular.ttf */,
			);
			path = Fonts;
			sourceTree = "<group>";
		};
		C549918D26A5E5AE001B5D00 /* Helpers and Extensions */ = {
			isa = PBXGroup;
			children = (
				C549916F26A5DEDC001B5D00 /* ColorHelper.swift */,
				C5F5FC3826A5F20B0053A2CE /* UIImageViewExtension.swift */,
				C56771BB26A74FD200CD855D /* UIButtonExtension.swift */,
				C5567FEA26A86C650099100A /* UITableViewExtension.swift */,
			);
			path = "Helpers and Extensions";
			sourceTree = "<group>";
		};
		C549919126A5E5C7001B5D00 /* Delegates */ = {
			isa = PBXGroup;
			children = (
				C565575626A5124600ECF9F6 /* AppDelegate.swift */,
				C565575826A5124600ECF9F6 /* SceneDelegate.swift */,
			);
			path = Delegates;
			sourceTree = "<group>";
		};
		C54C752526A68694009A91DA /* Lottie Files */ = {
			isa = PBXGroup;
			children = (
				C54C753626A68B3E009A91DA /* empty_animation.json */,
			);
			path = "Lottie Files";
			sourceTree = "<group>";
		};
		C5567FE426A867EA0099100A /* Cells */ = {
			isa = PBXGroup;
			children = (
				C5567FE526A868080099100A /* DetailHeaderCell.swift */,
				C5567FF526A88E9A0099100A /* CarouselTableCell.swift */,
				C5567FFA26A88EA70099100A /* CarouselCollectionCell.swift */,
				C556800726A8ACAB0099100A /* ArrayEmptyCell.swift */,
			);
			path = Cells;
			sourceTree = "<group>";
		};
		C565574A26A5124600ECF9F6 = {
			isa = PBXGroup;
			children = (
				C565575526A5124600ECF9F6 /* Brastlewark */,
				C565576C26A5124700ECF9F6 /* BrastlewarkTests */,
				C565577726A5124700ECF9F6 /* BrastlewarkUITests */,
				C565575426A5124600ECF9F6 /* Products */,
				4B15AC22FC3F6CBF3F091FC7 /* Pods */,
				E23E493BB49EE1359780DEB7 /* Frameworks */,
			);
			sourceTree = "<group>";
		};
		C565575426A5124600ECF9F6 /* Products */ = {
			isa = PBXGroup;
			children = (
				C565575326A5124600ECF9F6 /* Brastlewark.app */,
				C565576926A5124700ECF9F6 /* BrastlewarkTests.xctest */,
				C565577426A5124700ECF9F6 /* BrastlewarkUITests.xctest */,
			);
			name = Products;
			sourceTree = "<group>";
		};
		C565575526A5124600ECF9F6 /* Brastlewark */ = {
			isa = PBXGroup;
			children = (
				C5121B2F26A515D600903A0C /* DataLayer */,
				C5121B2E26A515C400903A0C /* Modules */,
				C5121B2D26A515B500903A0C /* Storyboards */,
				C5121B3026A515E500903A0C /* SupportFiles */,
			);
			path = Brastlewark;
			sourceTree = "<group>";
		};
		C565576C26A5124700ECF9F6 /* BrastlewarkTests */ = {
			isa = PBXGroup;
			children = (
				C565576D26A5124700ECF9F6 /* BrastlewarkTests.swift */,
				C565576F26A5124700ECF9F6 /* Info.plist */,
				C5FD972126EBC87500406AD6 /* ListViewControllerTests.swift */,
			);
			path = BrastlewarkTests;
			sourceTree = "<group>";
		};
		C565577726A5124700ECF9F6 /* BrastlewarkUITests */ = {
			isa = PBXGroup;
			children = (
				C565577826A5124700ECF9F6 /* BrastlewarkUITests.swift */,
				C565577A26A5124700ECF9F6 /* Info.plist */,
			);
			path = BrastlewarkUITests;
			sourceTree = "<group>";
		};
		C57ED4E626AA38B8001A55AD /* Screenshots */ = {
			isa = PBXGroup;
			children = (
				C57ED4FC26AA3BC8001A55AD /* Launch.png */,
				C57ED4FD26AA3BC8001A55AD /* List.png */,
				C57ED4FE26AA3BC8001A55AD /* Detail.png */,
			);
			path = Screenshots;
			sourceTree = "<group>";
		};
		C588CBE926A51F8900CFA1EE /* ListModule */ = {
			isa = PBXGroup;
			children = (
				C588CBEA26A51FAD00CFA1EE /* Cells */,
				C588CC0226A5206800CFA1EE /* ListModule.swift */,
				C588CBF326A51FD900CFA1EE /* ListViewController.swift */,
				C588CBFD26A51FF900CFA1EE /* ListPresenter.swift */,
				C588CBEE26A51FCC00CFA1EE /* ListInteractor.swift */,
				C588CBF826A51FEB00CFA1EE /* ListRouter.swift */,
			);
			path = ListModule;
			sourceTree = "<group>";
		};
		C588CBEA26A51FAD00CFA1EE /* Cells */ = {
			isa = PBXGroup;
			children = (
				C588CC0726A5208400CFA1EE /* GnomeCardCell.swift */,
				C54C752026A68573009A91DA /* ListErrorCell.swift */,
			);
			path = Cells;
			sourceTree = "<group>";
		};
		C588CC1726A53D0A00CFA1EE /* DetailModule */ = {
			isa = PBXGroup;
			children = (
				C5567FE426A867EA0099100A /* Cells */,
				C588CC1826A53D5300CFA1EE /* DetailModule.swift */,
				C588CC2026A53D5F00CFA1EE /* DetailViewController.swift */,
				C588CC2526A53D6900CFA1EE /* DetailPresenter.swift */,
			);
			path = DetailModule;
			sourceTree = "<group>";
		};
		C5C4996326F0E3600010A646 /* Network */ = {
			isa = PBXGroup;
			children = (
				C5C4995E26F0E3580010A646 /* Netwok.swift */,
			);
			path = Network;
			sourceTree = "<group>";
		};
		E23E493BB49EE1359780DEB7 /* Frameworks */ = {
			isa = PBXGroup;
			children = (
				3E3B48E412B3782391E9723F /* Pods_Brastlewark.framework */,
				3E486B6D4AA8E7912D39728B /* Pods_Brastlewark_BrastlewarkUITests.framework */,
				72105DBFB90A49BB6A19DAD9 /* Pods_BrastlewarkTests.framework */,
			);
			name = Frameworks;
			sourceTree = "<group>";
		};
/* End PBXGroup section */

/* Begin PBXNativeTarget section */
		C565575226A5124600ECF9F6 /* Brastlewark */ = {
			isa = PBXNativeTarget;
			buildConfigurationList = C565577D26A5124700ECF9F6 /* Build configuration list for PBXNativeTarget "Brastlewark" */;
			buildPhases = (
				E9657AF8E7BCD70E631E8C53 /* [CP] Check Pods Manifest.lock */,
				C565574F26A5124600ECF9F6 /* Sources */,
				C565575026A5124600ECF9F6 /* Frameworks */,
				C565575126A5124600ECF9F6 /* Resources */,
				C513684B26A512DE008EC1FA /* SwiftLint */,
				E37EDE757891D5EFC95D9B99 /* [CP] Embed Pods Frameworks */,
			);
			buildRules = (
			);
			dependencies = (
			);
			name = Brastlewark;
			productName = Brastlewark;
			productReference = C565575326A5124600ECF9F6 /* Brastlewark.app */;
			productType = "com.apple.product-type.application";
		};
		C565576826A5124700ECF9F6 /* BrastlewarkTests */ = {
			isa = PBXNativeTarget;
			buildConfigurationList = C565578026A5124700ECF9F6 /* Build configuration list for PBXNativeTarget "BrastlewarkTests" */;
			buildPhases = (
				1B919AD114210D359CBB7E9C /* [CP] Check Pods Manifest.lock */,
				C565576526A5124700ECF9F6 /* Sources */,
				C565576626A5124700ECF9F6 /* Frameworks */,
				C565576726A5124700ECF9F6 /* Resources */,
			);
			buildRules = (
			);
			dependencies = (
				C565576B26A5124700ECF9F6 /* PBXTargetDependency */,
			);
			name = BrastlewarkTests;
			productName = BrastlewarkTests;
			productReference = C565576926A5124700ECF9F6 /* BrastlewarkTests.xctest */;
			productType = "com.apple.product-type.bundle.unit-test";
		};
		C565577326A5124700ECF9F6 /* BrastlewarkUITests */ = {
			isa = PBXNativeTarget;
			buildConfigurationList = C565578326A5124700ECF9F6 /* Build configuration list for PBXNativeTarget "BrastlewarkUITests" */;
			buildPhases = (
				1767D525854E6F34442BCCD9 /* [CP] Check Pods Manifest.lock */,
				C565577026A5124700ECF9F6 /* Sources */,
				C565577126A5124700ECF9F6 /* Frameworks */,
				C565577226A5124700ECF9F6 /* Resources */,
				35ED65BE7992E81412343E2D /* [CP] Embed Pods Frameworks */,
			);
			buildRules = (
			);
			dependencies = (
				C565577626A5124700ECF9F6 /* PBXTargetDependency */,
			);
			name = BrastlewarkUITests;
			productName = BrastlewarkUITests;
			productReference = C565577426A5124700ECF9F6 /* BrastlewarkUITests.xctest */;
			productType = "com.apple.product-type.bundle.ui-testing";
		};
/* End PBXNativeTarget section */

/* Begin PBXProject section */
		C565574B26A5124600ECF9F6 /* Project object */ = {
			isa = PBXProject;
			attributes = {
				LastSwiftUpdateCheck = 1240;
				LastUpgradeCheck = 1240;
				TargetAttributes = {
					C565575226A5124600ECF9F6 = {
						CreatedOnToolsVersion = 12.4;
					};
					C565576826A5124700ECF9F6 = {
						CreatedOnToolsVersion = 12.4;
						TestTargetID = C565575226A5124600ECF9F6;
					};
					C565577326A5124700ECF9F6 = {
						CreatedOnToolsVersion = 12.4;
						TestTargetID = C565575226A5124600ECF9F6;
					};
				};
			};
			buildConfigurationList = C565574E26A5124600ECF9F6 /* Build configuration list for PBXProject "Brastlewark" */;
			compatibilityVersion = "Xcode 9.3";
			developmentRegion = en;
			hasScannedForEncodings = 0;
			knownRegions = (
				en,
				Base,
			);
			mainGroup = C565574A26A5124600ECF9F6;
			productRefGroup = C565575426A5124600ECF9F6 /* Products */;
			projectDirPath = "";
			projectRoot = "";
			targets = (
				C565575226A5124600ECF9F6 /* Brastlewark */,
				C565576826A5124700ECF9F6 /* BrastlewarkTests */,
				C565577326A5124700ECF9F6 /* BrastlewarkUITests */,
			);
		};
/* End PBXProject section */

/* Begin PBXResourcesBuildPhase section */
		C565575126A5124600ECF9F6 /* Resources */ = {
			isa = PBXResourcesBuildPhase;
			buildActionMask = 2147483647;
			files = (
				C54C753726A68B3E009A91DA /* empty_animation.json in Resources */,
				C5F5FC3326A5EAB70053A2CE /* AmaticSC-Bold.ttf in Resources */,
				C549917A26A5E1B5001B5D00 /* Montserrat-Light.ttf in Resources */,
				C565576326A5124700ECF9F6 /* LaunchScreen.storyboard in Resources */,
				C57ED50126AA3BC8001A55AD /* Detail.png in Resources */,
				C57ED4FF26AA3BC8001A55AD /* Launch.png in Resources */,
				C549917D26A5E1B5001B5D00 /* Montserrat-Medium.ttf in Resources */,
				C549918926A5E450001B5D00 /* Montserrat-SemiBold.ttf in Resources */,
				C5F5FC3426A5EAB70053A2CE /* AmaticSC-Regular.ttf in Resources */,
				C57ED50026AA3BC8001A55AD /* List.png in Resources */,
				C565576026A5124700ECF9F6 /* Assets.xcassets in Resources */,
				C549917B26A5E1B5001B5D00 /* Montserrat-Regular.ttf in Resources */,
				C56771C126A7555C00CD855D /* Montserrat-Bold.ttf in Resources */,
				C565575E26A5124600ECF9F6 /* Main.storyboard in Resources */,
			);
			runOnlyForDeploymentPostprocessing = 0;
		};
		C565576726A5124700ECF9F6 /* Resources */ = {
			isa = PBXResourcesBuildPhase;
			buildActionMask = 2147483647;
			files = (
			);
			runOnlyForDeploymentPostprocessing = 0;
		};
		C565577226A5124700ECF9F6 /* Resources */ = {
			isa = PBXResourcesBuildPhase;
			buildActionMask = 2147483647;
			files = (
			);
			runOnlyForDeploymentPostprocessing = 0;
		};
/* End PBXResourcesBuildPhase section */

/* Begin PBXShellScriptBuildPhase section */
		1767D525854E6F34442BCCD9 /* [CP] Check Pods Manifest.lock */ = {
			isa = PBXShellScriptBuildPhase;
			buildActionMask = 2147483647;
			files = (
			);
			inputFileListPaths = (
			);
			inputPaths = (
				"${PODS_PODFILE_DIR_PATH}/Podfile.lock",
				"${PODS_ROOT}/Manifest.lock",
			);
			name = "[CP] Check Pods Manifest.lock";
			outputFileListPaths = (
			);
			outputPaths = (
				"$(DERIVED_FILE_DIR)/Pods-Brastlewark-BrastlewarkUITests-checkManifestLockResult.txt",
			);
			runOnlyForDeploymentPostprocessing = 0;
			shellPath = /bin/sh;
			shellScript = "diff \"${PODS_PODFILE_DIR_PATH}/Podfile.lock\" \"${PODS_ROOT}/Manifest.lock\" > /dev/null\nif [ $? != 0 ] ; then\n    # print error to STDERR\n    echo \"error: The sandbox is not in sync with the Podfile.lock. Run 'pod install' or update your CocoaPods installation.\" >&2\n    exit 1\nfi\n# This output is used by Xcode 'outputs' to avoid re-running this script phase.\necho \"SUCCESS\" > \"${SCRIPT_OUTPUT_FILE_0}\"\n";
			showEnvVarsInLog = 0;
		};
		1B919AD114210D359CBB7E9C /* [CP] Check Pods Manifest.lock */ = {
			isa = PBXShellScriptBuildPhase;
			buildActionMask = 2147483647;
			files = (
			);
			inputFileListPaths = (
			);
			inputPaths = (
				"${PODS_PODFILE_DIR_PATH}/Podfile.lock",
				"${PODS_ROOT}/Manifest.lock",
			);
			name = "[CP] Check Pods Manifest.lock";
			outputFileListPaths = (
			);
			outputPaths = (
				"$(DERIVED_FILE_DIR)/Pods-BrastlewarkTests-checkManifestLockResult.txt",
			);
			runOnlyForDeploymentPostprocessing = 0;
			shellPath = /bin/sh;
			shellScript = "diff \"${PODS_PODFILE_DIR_PATH}/Podfile.lock\" \"${PODS_ROOT}/Manifest.lock\" > /dev/null\nif [ $? != 0 ] ; then\n    # print error to STDERR\n    echo \"error: The sandbox is not in sync with the Podfile.lock. Run 'pod install' or update your CocoaPods installation.\" >&2\n    exit 1\nfi\n# This output is used by Xcode 'outputs' to avoid re-running this script phase.\necho \"SUCCESS\" > \"${SCRIPT_OUTPUT_FILE_0}\"\n";
			showEnvVarsInLog = 0;
		};
		35ED65BE7992E81412343E2D /* [CP] Embed Pods Frameworks */ = {
			isa = PBXShellScriptBuildPhase;
			buildActionMask = 2147483647;
			files = (
			);
			inputFileListPaths = (
				"${PODS_ROOT}/Target Support Files/Pods-Brastlewark-BrastlewarkUITests/Pods-Brastlewark-BrastlewarkUITests-frameworks-${CONFIGURATION}-input-files.xcfilelist",
			);
			name = "[CP] Embed Pods Frameworks";
			outputFileListPaths = (
				"${PODS_ROOT}/Target Support Files/Pods-Brastlewark-BrastlewarkUITests/Pods-Brastlewark-BrastlewarkUITests-frameworks-${CONFIGURATION}-output-files.xcfilelist",
			);
			runOnlyForDeploymentPostprocessing = 0;
			shellPath = /bin/sh;
			shellScript = "\"${PODS_ROOT}/Target Support Files/Pods-Brastlewark-BrastlewarkUITests/Pods-Brastlewark-BrastlewarkUITests-frameworks.sh\"\n";
			showEnvVarsInLog = 0;
		};
		C513684B26A512DE008EC1FA /* SwiftLint */ = {
			isa = PBXShellScriptBuildPhase;
			buildActionMask = 2147483647;
			files = (
			);
			inputFileListPaths = (
			);
			inputPaths = (
			);
			name = SwiftLint;
			outputFileListPaths = (
			);
			outputPaths = (
			);
			runOnlyForDeploymentPostprocessing = 0;
			shellPath = /bin/sh;
			shellScript = "\"${PODS_ROOT}/SwiftLint/swiftlint\"\n";
		};
		E37EDE757891D5EFC95D9B99 /* [CP] Embed Pods Frameworks */ = {
			isa = PBXShellScriptBuildPhase;
			buildActionMask = 2147483647;
			files = (
			);
			inputFileListPaths = (
				"${PODS_ROOT}/Target Support Files/Pods-Brastlewark/Pods-Brastlewark-frameworks-${CONFIGURATION}-input-files.xcfilelist",
			);
			name = "[CP] Embed Pods Frameworks";
			outputFileListPaths = (
				"${PODS_ROOT}/Target Support Files/Pods-Brastlewark/Pods-Brastlewark-frameworks-${CONFIGURATION}-output-files.xcfilelist",
			);
			runOnlyForDeploymentPostprocessing = 0;
			shellPath = /bin/sh;
			shellScript = "\"${PODS_ROOT}/Target Support Files/Pods-Brastlewark/Pods-Brastlewark-frameworks.sh\"\n";
			showEnvVarsInLog = 0;
		};
		E9657AF8E7BCD70E631E8C53 /* [CP] Check Pods Manifest.lock */ = {
			isa = PBXShellScriptBuildPhase;
			buildActionMask = 2147483647;
			files = (
			);
			inputFileListPaths = (
			);
			inputPaths = (
				"${PODS_PODFILE_DIR_PATH}/Podfile.lock",
				"${PODS_ROOT}/Manifest.lock",
			);
			name = "[CP] Check Pods Manifest.lock";
			outputFileListPaths = (
			);
			outputPaths = (
				"$(DERIVED_FILE_DIR)/Pods-Brastlewark-checkManifestLockResult.txt",
			);
			runOnlyForDeploymentPostprocessing = 0;
			shellPath = /bin/sh;
			shellScript = "diff \"${PODS_PODFILE_DIR_PATH}/Podfile.lock\" \"${PODS_ROOT}/Manifest.lock\" > /dev/null\nif [ $? != 0 ] ; then\n    # print error to STDERR\n    echo \"error: The sandbox is not in sync with the Podfile.lock. Run 'pod install' or update your CocoaPods installation.\" >&2\n    exit 1\nfi\n# This output is used by Xcode 'outputs' to avoid re-running this script phase.\necho \"SUCCESS\" > \"${SCRIPT_OUTPUT_FILE_0}\"\n";
			showEnvVarsInLog = 0;
		};
/* End PBXShellScriptBuildPhase section */

/* Begin PBXSourcesBuildPhase section */
		C565574F26A5124600ECF9F6 /* Sources */ = {
			isa = PBXSourcesBuildPhase;
			buildActionMask = 2147483647;
			files = (
				C588CBEF26A51FCC00CFA1EE /* ListInteractor.swift in Sources */,
				C5567FF626A88E9A0099100A /* CarouselTableCell.swift in Sources */,
				C56771BC26A74FD200CD855D /* UIButtonExtension.swift in Sources */,
				C5567FFB26A88EA70099100A /* CarouselCollectionCell.swift in Sources */,
				C588CBF926A51FEB00CFA1EE /* ListRouter.swift in Sources */,
				C5C4995F26F0E3580010A646 /* Netwok.swift in Sources */,
				C588CBFE26A51FF900CFA1EE /* ListPresenter.swift in Sources */,
				C588CC2126A53D5F00CFA1EE /* DetailViewController.swift in Sources */,
				C5567FEB26A86C650099100A /* UITableViewExtension.swift in Sources */,
				C565575726A5124600ECF9F6 /* AppDelegate.swift in Sources */,
				C588CBF426A51FD900CFA1EE /* ListViewController.swift in Sources */,
				C565575926A5124600ECF9F6 /* SceneDelegate.swift in Sources */,
				C5567FE626A868080099100A /* DetailHeaderCell.swift in Sources */,
				C588CC1926A53D5300CFA1EE /* DetailModule.swift in Sources */,
				C588CBE526A51F7A00CFA1EE /* BaseProtocol.swift in Sources */,
				C5121B3C26A5179800903A0C /* GnomeEntity.swift in Sources */,
				C549917026A5DEDC001B5D00 /* ColorHelper.swift in Sources */,
				C588CC2626A53D6900CFA1EE /* DetailPresenter.swift in Sources */,
				C5F5FC3926A5F20B0053A2CE /* UIImageViewExtension.swift in Sources */,
				C54C752126A68573009A91DA /* ListErrorCell.swift in Sources */,
				C556800826A8ACAB0099100A /* ArrayEmptyCell.swift in Sources */,
				C588CC0826A5208400CFA1EE /* GnomeCardCell.swift in Sources */,
				C588CC0326A5206800CFA1EE /* ListModule.swift in Sources */,
			);
			runOnlyForDeploymentPostprocessing = 0;
		};
		C565576526A5124700ECF9F6 /* Sources */ = {
			isa = PBXSourcesBuildPhase;
			buildActionMask = 2147483647;
			files = (
				C5FD972226EBC87500406AD6 /* ListViewControllerTests.swift in Sources */,
				C565576E26A5124700ECF9F6 /* BrastlewarkTests.swift in Sources */,
			);
			runOnlyForDeploymentPostprocessing = 0;
		};
		C565577026A5124700ECF9F6 /* Sources */ = {
			isa = PBXSourcesBuildPhase;
			buildActionMask = 2147483647;
			files = (
				C565577926A5124700ECF9F6 /* BrastlewarkUITests.swift in Sources */,
			);
			runOnlyForDeploymentPostprocessing = 0;
		};
/* End PBXSourcesBuildPhase section */

/* Begin PBXTargetDependency section */
		C565576B26A5124700ECF9F6 /* PBXTargetDependency */ = {
			isa = PBXTargetDependency;
			target = C565575226A5124600ECF9F6 /* Brastlewark */;
			targetProxy = C565576A26A5124700ECF9F6 /* PBXContainerItemProxy */;
		};
		C565577626A5124700ECF9F6 /* PBXTargetDependency */ = {
			isa = PBXTargetDependency;
			target = C565575226A5124600ECF9F6 /* Brastlewark */;
			targetProxy = C565577526A5124700ECF9F6 /* PBXContainerItemProxy */;
		};
/* End PBXTargetDependency section */

/* Begin PBXVariantGroup section */
		C565575C26A5124600ECF9F6 /* Main.storyboard */ = {
			isa = PBXVariantGroup;
			children = (
				C565575D26A5124600ECF9F6 /* Base */,
			);
			name = Main.storyboard;
			sourceTree = "<group>";
		};
		C565576126A5124700ECF9F6 /* LaunchScreen.storyboard */ = {
			isa = PBXVariantGroup;
			children = (
				C565576226A5124700ECF9F6 /* Base */,
			);
			name = LaunchScreen.storyboard;
			sourceTree = "<group>";
		};
/* End PBXVariantGroup section */

/* Begin XCBuildConfiguration section */
		C565577B26A5124700ECF9F6 /* Debug */ = {
			isa = XCBuildConfiguration;
			buildSettings = {
				ALWAYS_SEARCH_USER_PATHS = NO;
				CLANG_ANALYZER_NONNULL = YES;
				CLANG_ANALYZER_NUMBER_OBJECT_CONVERSION = YES_AGGRESSIVE;
				CLANG_CXX_LANGUAGE_STANDARD = "gnu++14";
				CLANG_CXX_LIBRARY = "libc++";
				CLANG_ENABLE_MODULES = YES;
				CLANG_ENABLE_OBJC_ARC = YES;
				CLANG_ENABLE_OBJC_WEAK = YES;
				CLANG_WARN_BLOCK_CAPTURE_AUTORELEASING = YES;
				CLANG_WARN_BOOL_CONVERSION = YES;
				CLANG_WARN_COMMA = YES;
				CLANG_WARN_CONSTANT_CONVERSION = YES;
				CLANG_WARN_DEPRECATED_OBJC_IMPLEMENTATIONS = YES;
				CLANG_WARN_DIRECT_OBJC_ISA_USAGE = YES_ERROR;
				CLANG_WARN_DOCUMENTATION_COMMENTS = YES;
				CLANG_WARN_EMPTY_BODY = YES;
				CLANG_WARN_ENUM_CONVERSION = YES;
				CLANG_WARN_INFINITE_RECURSION = YES;
				CLANG_WARN_INT_CONVERSION = YES;
				CLANG_WARN_NON_LITERAL_NULL_CONVERSION = YES;
				CLANG_WARN_OBJC_IMPLICIT_RETAIN_SELF = YES;
				CLANG_WARN_OBJC_LITERAL_CONVERSION = YES;
				CLANG_WARN_OBJC_ROOT_CLASS = YES_ERROR;
				CLANG_WARN_QUOTED_INCLUDE_IN_FRAMEWORK_HEADER = YES;
				CLANG_WARN_RANGE_LOOP_ANALYSIS = YES;
				CLANG_WARN_STRICT_PROTOTYPES = YES;
				CLANG_WARN_SUSPICIOUS_MOVE = YES;
				CLANG_WARN_UNGUARDED_AVAILABILITY = YES_AGGRESSIVE;
				CLANG_WARN_UNREACHABLE_CODE = YES;
				CLANG_WARN__DUPLICATE_METHOD_MATCH = YES;
				COPY_PHASE_STRIP = NO;
				DEBUG_INFORMATION_FORMAT = dwarf;
				ENABLE_STRICT_OBJC_MSGSEND = YES;
				ENABLE_TESTABILITY = YES;
				GCC_C_LANGUAGE_STANDARD = gnu11;
				GCC_DYNAMIC_NO_PIC = NO;
				GCC_NO_COMMON_BLOCKS = YES;
				GCC_OPTIMIZATION_LEVEL = 0;
				GCC_PREPROCESSOR_DEFINITIONS = (
					"DEBUG=1",
					"$(inherited)",
				);
				GCC_WARN_64_TO_32_BIT_CONVERSION = YES;
				GCC_WARN_ABOUT_RETURN_TYPE = YES_ERROR;
				GCC_WARN_UNDECLARED_SELECTOR = YES;
				GCC_WARN_UNINITIALIZED_AUTOS = YES_AGGRESSIVE;
				GCC_WARN_UNUSED_FUNCTION = YES;
				GCC_WARN_UNUSED_VARIABLE = YES;
				IPHONEOS_DEPLOYMENT_TARGET = 14.4;
				MTL_ENABLE_DEBUG_INFO = INCLUDE_SOURCE;
				MTL_FAST_MATH = YES;
				ONLY_ACTIVE_ARCH = YES;
				SDKROOT = iphoneos;
				SWIFT_ACTIVE_COMPILATION_CONDITIONS = DEBUG;
				SWIFT_OPTIMIZATION_LEVEL = "-Onone";
			};
			name = Debug;
		};
		C565577C26A5124700ECF9F6 /* Release */ = {
			isa = XCBuildConfiguration;
			buildSettings = {
				ALWAYS_SEARCH_USER_PATHS = NO;
				CLANG_ANALYZER_NONNULL = YES;
				CLANG_ANALYZER_NUMBER_OBJECT_CONVERSION = YES_AGGRESSIVE;
				CLANG_CXX_LANGUAGE_STANDARD = "gnu++14";
				CLANG_CXX_LIBRARY = "libc++";
				CLANG_ENABLE_MODULES = YES;
				CLANG_ENABLE_OBJC_ARC = YES;
				CLANG_ENABLE_OBJC_WEAK = YES;
				CLANG_WARN_BLOCK_CAPTURE_AUTORELEASING = YES;
				CLANG_WARN_BOOL_CONVERSION = YES;
				CLANG_WARN_COMMA = YES;
				CLANG_WARN_CONSTANT_CONVERSION = YES;
				CLANG_WARN_DEPRECATED_OBJC_IMPLEMENTATIONS = YES;
				CLANG_WARN_DIRECT_OBJC_ISA_USAGE = YES_ERROR;
				CLANG_WARN_DOCUMENTATION_COMMENTS = YES;
				CLANG_WARN_EMPTY_BODY = YES;
				CLANG_WARN_ENUM_CONVERSION = YES;
				CLANG_WARN_INFINITE_RECURSION = YES;
				CLANG_WARN_INT_CONVERSION = YES;
				CLANG_WARN_NON_LITERAL_NULL_CONVERSION = YES;
				CLANG_WARN_OBJC_IMPLICIT_RETAIN_SELF = YES;
				CLANG_WARN_OBJC_LITERAL_CONVERSION = YES;
				CLANG_WARN_OBJC_ROOT_CLASS = YES_ERROR;
				CLANG_WARN_QUOTED_INCLUDE_IN_FRAMEWORK_HEADER = YES;
				CLANG_WARN_RANGE_LOOP_ANALYSIS = YES;
				CLANG_WARN_STRICT_PROTOTYPES = YES;
				CLANG_WARN_SUSPICIOUS_MOVE = YES;
				CLANG_WARN_UNGUARDED_AVAILABILITY = YES_AGGRESSIVE;
				CLANG_WARN_UNREACHABLE_CODE = YES;
				CLANG_WARN__DUPLICATE_METHOD_MATCH = YES;
				COPY_PHASE_STRIP = NO;
				DEBUG_INFORMATION_FORMAT = "dwarf-with-dsym";
				ENABLE_NS_ASSERTIONS = NO;
				ENABLE_STRICT_OBJC_MSGSEND = YES;
				GCC_C_LANGUAGE_STANDARD = gnu11;
				GCC_NO_COMMON_BLOCKS = YES;
				GCC_WARN_64_TO_32_BIT_CONVERSION = YES;
				GCC_WARN_ABOUT_RETURN_TYPE = YES_ERROR;
				GCC_WARN_UNDECLARED_SELECTOR = YES;
				GCC_WARN_UNINITIALIZED_AUTOS = YES_AGGRESSIVE;
				GCC_WARN_UNUSED_FUNCTION = YES;
				GCC_WARN_UNUSED_VARIABLE = YES;
				IPHONEOS_DEPLOYMENT_TARGET = 14.4;
				MTL_ENABLE_DEBUG_INFO = NO;
				MTL_FAST_MATH = YES;
				SDKROOT = iphoneos;
				SWIFT_COMPILATION_MODE = wholemodule;
				SWIFT_OPTIMIZATION_LEVEL = "-O";
				VALIDATE_PRODUCT = YES;
			};
			name = Release;
		};
		C565577E26A5124700ECF9F6 /* Debug */ = {
			isa = XCBuildConfiguration;
			baseConfigurationReference = 8B897FEEA5FE42D671E1D797 /* Pods-Brastlewark.debug.xcconfig */;
			buildSettings = {
				ASSETCATALOG_COMPILER_APPICON_NAME = AppIcon;
				ASSETCATALOG_COMPILER_GLOBAL_ACCENT_COLOR_NAME = AccentColor;
				CODE_SIGN_STYLE = Automatic;
				DEVELOPMENT_TEAM = FHFAG7LFX8;
				INFOPLIST_FILE = Brastlewark/SupportFiles/Info.plist;
				LD_RUNPATH_SEARCH_PATHS = (
					"$(inherited)",
					"@executable_path/Frameworks",
				);
				PRODUCT_BUNDLE_IDENTIFIER = guido.Brastlewark;
				PRODUCT_NAME = "$(TARGET_NAME)";
				SWIFT_VERSION = 5.0;
				TARGETED_DEVICE_FAMILY = "1,2";
			};
			name = Debug;
		};
		C565577F26A5124700ECF9F6 /* Release */ = {
			isa = XCBuildConfiguration;
			baseConfigurationReference = 0FD8F9C618A1CFD571F3E261 /* Pods-Brastlewark.release.xcconfig */;
			buildSettings = {
				ASSETCATALOG_COMPILER_APPICON_NAME = AppIcon;
				ASSETCATALOG_COMPILER_GLOBAL_ACCENT_COLOR_NAME = AccentColor;
				CODE_SIGN_STYLE = Automatic;
				DEVELOPMENT_TEAM = FHFAG7LFX8;
				INFOPLIST_FILE = Brastlewark/SupportFiles/Info.plist;
				LD_RUNPATH_SEARCH_PATHS = (
					"$(inherited)",
					"@executable_path/Frameworks",
				);
				PRODUCT_BUNDLE_IDENTIFIER = guido.Brastlewark;
				PRODUCT_NAME = "$(TARGET_NAME)";
				SWIFT_VERSION = 5.0;
				TARGETED_DEVICE_FAMILY = "1,2";
			};
			name = Release;
		};
		C565578126A5124700ECF9F6 /* Debug */ = {
			isa = XCBuildConfiguration;
			baseConfigurationReference = 3BC955E1ECB9A3DABDE61917 /* Pods-BrastlewarkTests.debug.xcconfig */;
			buildSettings = {
				ALWAYS_EMBED_SWIFT_STANDARD_LIBRARIES = "$(inherited)";
				BUNDLE_LOADER = "$(TEST_HOST)";
				CODE_SIGN_STYLE = Automatic;
				DEVELOPMENT_TEAM = FHFAG7LFX8;
				INFOPLIST_FILE = BrastlewarkTests/Info.plist;
				IPHONEOS_DEPLOYMENT_TARGET = 14.4;
				LD_RUNPATH_SEARCH_PATHS = (
					"$(inherited)",
					"@executable_path/Frameworks",
					"@loader_path/Frameworks",
				);
				PRODUCT_BUNDLE_IDENTIFIER = guido.BrastlewarkTests;
				PRODUCT_NAME = "$(TARGET_NAME)";
				SWIFT_VERSION = 5.0;
				TARGETED_DEVICE_FAMILY = "1,2";
				TEST_HOST = "$(BUILT_PRODUCTS_DIR)/Brastlewark.app/Brastlewark";
			};
			name = Debug;
		};
		C565578226A5124700ECF9F6 /* Release */ = {
			isa = XCBuildConfiguration;
			baseConfigurationReference = D2C51268B3EEE1482BAC40BC /* Pods-BrastlewarkTests.release.xcconfig */;
			buildSettings = {
				ALWAYS_EMBED_SWIFT_STANDARD_LIBRARIES = "$(inherited)";
				BUNDLE_LOADER = "$(TEST_HOST)";
				CODE_SIGN_STYLE = Automatic;
				DEVELOPMENT_TEAM = FHFAG7LFX8;
				INFOPLIST_FILE = BrastlewarkTests/Info.plist;
				IPHONEOS_DEPLOYMENT_TARGET = 14.4;
				LD_RUNPATH_SEARCH_PATHS = (
					"$(inherited)",
					"@executable_path/Frameworks",
					"@loader_path/Frameworks",
				);
				PRODUCT_BUNDLE_IDENTIFIER = guido.BrastlewarkTests;
				PRODUCT_NAME = "$(TARGET_NAME)";
				SWIFT_VERSION = 5.0;
				TARGETED_DEVICE_FAMILY = "1,2";
				TEST_HOST = "$(BUILT_PRODUCTS_DIR)/Brastlewark.app/Brastlewark";
			};
			name = Release;
		};
		C565578426A5124700ECF9F6 /* Debug */ = {
			isa = XCBuildConfiguration;
			baseConfigurationReference = 1D9F9ACC4473B31B3E914E22 /* Pods-Brastlewark-BrastlewarkUITests.debug.xcconfig */;
			buildSettings = {
				ALWAYS_EMBED_SWIFT_STANDARD_LIBRARIES = "$(inherited)";
				CODE_SIGN_STYLE = Automatic;
				DEVELOPMENT_TEAM = FHFAG7LFX8;
				INFOPLIST_FILE = BrastlewarkUITests/Info.plist;
				LD_RUNPATH_SEARCH_PATHS = (
					"$(inherited)",
					"@executable_path/Frameworks",
					"@loader_path/Frameworks",
				);
				PRODUCT_BUNDLE_IDENTIFIER = guido.BrastlewarkUITests;
				PRODUCT_NAME = "$(TARGET_NAME)";
				SWIFT_VERSION = 5.0;
				TARGETED_DEVICE_FAMILY = "1,2";
				TEST_TARGET_NAME = Brastlewark;
			};
			name = Debug;
		};
		C565578526A5124700ECF9F6 /* Release */ = {
			isa = XCBuildConfiguration;
			baseConfigurationReference = 1D05304807E0E6014E75B57E /* Pods-Brastlewark-BrastlewarkUITests.release.xcconfig */;
			buildSettings = {
				ALWAYS_EMBED_SWIFT_STANDARD_LIBRARIES = "$(inherited)";
				CODE_SIGN_STYLE = Automatic;
				DEVELOPMENT_TEAM = FHFAG7LFX8;
				INFOPLIST_FILE = BrastlewarkUITests/Info.plist;
				LD_RUNPATH_SEARCH_PATHS = (
					"$(inherited)",
					"@executable_path/Frameworks",
					"@loader_path/Frameworks",
				);
				PRODUCT_BUNDLE_IDENTIFIER = guido.BrastlewarkUITests;
				PRODUCT_NAME = "$(TARGET_NAME)";
				SWIFT_VERSION = 5.0;
				TARGETED_DEVICE_FAMILY = "1,2";
				TEST_TARGET_NAME = Brastlewark;
			};
			name = Release;
		};
/* End XCBuildConfiguration section */

/* Begin XCConfigurationList section */
		C565574E26A5124600ECF9F6 /* Build configuration list for PBXProject "Brastlewark" */ = {
			isa = XCConfigurationList;
			buildConfigurations = (
				C565577B26A5124700ECF9F6 /* Debug */,
				C565577C26A5124700ECF9F6 /* Release */,
			);
			defaultConfigurationIsVisible = 0;
			defaultConfigurationName = Release;
		};
		C565577D26A5124700ECF9F6 /* Build configuration list for PBXNativeTarget "Brastlewark" */ = {
			isa = XCConfigurationList;
			buildConfigurations = (
				C565577E26A5124700ECF9F6 /* Debug */,
				C565577F26A5124700ECF9F6 /* Release */,
			);
			defaultConfigurationIsVisible = 0;
			defaultConfigurationName = Release;
		};
		C565578026A5124700ECF9F6 /* Build configuration list for PBXNativeTarget "BrastlewarkTests" */ = {
			isa = XCConfigurationList;
			buildConfigurations = (
				C565578126A5124700ECF9F6 /* Debug */,
				C565578226A5124700ECF9F6 /* Release */,
			);
			defaultConfigurationIsVisible = 0;
			defaultConfigurationName = Release;
		};
		C565578326A5124700ECF9F6 /* Build configuration list for PBXNativeTarget "BrastlewarkUITests" */ = {
			isa = XCConfigurationList;
			buildConfigurations = (
				C565578426A5124700ECF9F6 /* Debug */,
				C565578526A5124700ECF9F6 /* Release */,
			);
			defaultConfigurationIsVisible = 0;
			defaultConfigurationName = Release;
		};
/* End XCConfigurationList section */
	};
	rootObject = C565574B26A5124600ECF9F6 /* Project object */;
}
